
Microsoft Visual Studio Solution File, Format Version 12.00
# Visual Studio Version 17
VisualStudioVersion = 17.8.34309.116
MinimumVisualStudioVersion = 10.0.40219.1
Project("{9A19103F-16F7-4668-BE54-9A1E7A4F7556}") = "Kaizen.API", "Kaizen.API\Kaizen.API.csproj", "{679D5CEF-4431-4CBE-B88D-7E95F1D53FF1}"
EndProject
Project("{9A19103F-16F7-4668-BE54-9A1E7A4F7556}") = "Kaizen.Entities", "Kaizen.Entities\Kaizen.Entities.csproj", "{2D58BE3D-ACCD-4329-9F7C-3EEE4FAF4C0D}"
EndProject
Project("{9A19103F-16F7-4668-BE54-9A1E7A4F7556}") = "Kaizen.WebApp", "Kaizen.WebApp\Kaizen.WebApp.csproj", "{74BC4E3A-0669-4EEC-B679-8EC57F703ACF}"
EndProject
Global
	GlobalSection(SolutionConfigurationPlatforms) = preSolution
		Debug|Any CPU = Debug|Any CPU
		Release|Any CPU = Release|Any CPU
	EndGlobalSection
	GlobalSection(ProjectConfigurationPlatforms) = postSolution
		{679D5CEF-4431-4CBE-B88D-7E95F1D53FF1}.Debug|Any CPU.ActiveCfg = Debug|Any CPU
		{679D5CEF-4431-4CBE-B88D-7E95F1D53FF1}.Debug|Any CPU.Build.0 = Debug|Any CPU
		{679D5CEF-4431-4CBE-B88D-7E95F1D53FF1}.Release|Any CPU.ActiveCfg = Release|Any CPU
		{679D5CEF-4431-4CBE-B88D-7E95F1D53FF1}.Release|Any CPU.Build.0 = Release|Any CPU
		{2D58BE3D-ACCD-4329-9F7C-3EEE4FAF4C0D}.Debug|Any CPU.ActiveCfg = Debug|Any CPU
		{2D58BE3D-ACCD-4329-9F7C-3EEE4FAF4C0D}.Debug|Any CPU.Build.0 = Debug|Any CPU
		{2D58BE3D-ACCD-4329-9F7C-3EEE4FAF4C0D}.Release|Any CPU.ActiveCfg = Release|Any CPU
		{2D58BE3D-ACCD-4329-9F7C-3EEE4FAF4C0D}.Release|Any CPU.Build.0 = Release|Any CPU
		{74BC4E3A-0669-4EEC-B679-8EC57F703ACF}.Debug|Any CPU.ActiveCfg = Debug|Any CPU
		{74BC4E3A-0669-4EEC-B679-8EC57F703ACF}.Debug|Any CPU.Build.0 = Debug|Any CPU
		{74BC4E3A-0669-4EEC-B679-8EC57F703ACF}.Release|Any CPU.ActiveCfg = Release|Any CPU
		{74BC4E3A-0669-4EEC-B679-8EC57F703ACF}.Release|Any CPU.Build.0 = Release|Any CPU
	EndGlobalSection
	GlobalSection(SolutionProperties) = preSolution
		HideSolutionNode = FALSE
	EndGlobalSection
	GlobalSection(ExtensibilityGlobals) = postSolution
		SolutionGuid = {BDFE29EC-AA80-4E0B-975B-1CBDDAE667CB}
	EndGlobalSection
EndGlobal
